Microsoft Visual Studio Solution File, Format Version 12.00
# Visual Studio 2012
Project("{FAE04EC0-301F-11D3-BF4B-00C04F79EFBC}") = "Everyday Hero", "Everyday Hero.csproj", "{BE459B48-4969-44C2-B0AC-3DECAE9FFCFF}"
EndProject
Global
	GlobalSection(SolutionConfigurationPlatforms) = preSolution
	Debug|Any CPU = Debug|Any CPU
	ExportDebug|Any CPU = ExportDebug|Any CPU
	ExportRelease|Any CPU = ExportRelease|Any CPU
	EndGlobalSection
	GlobalSection(ProjectConfigurationPlatforms) = postSolution
		{BE459B48-4969-44C2-B0AC-3DECAE9FFCFF}.Debug|Any CPU.ActiveCfg = Debug|Any CPU
		{BE459B48-4969-44C2-B0AC-3DECAE9FFCFF}.Debug|Any CPU.Build.0 = Debug|Any CPU
		{BE459B48-4969-44C2-B0AC-3DECAE9FFCFF}.ExportDebug|Any CPU.ActiveCfg = ExportDebug|Any CPU
		{BE459B48-4969-44C2-B0AC-3DECAE9FFCFF}.ExportDebug|Any CPU.Build.0 = ExportDebug|Any CPU
		{BE459B48-4969-44C2-B0AC-3DECAE9FFCFF}.ExportRelease|Any CPU.ActiveCfg = ExportRelease|Any CPU
		{BE459B48-4969-44C2-B0AC-3DECAE9FFCFF}.ExportRelease|Any CPU.Build.0 = ExportRelease|Any CPU
	EndGlobalSection
EndGlobal
